
Microsoft Visual Studio Solution File, Format Version 12.00
# Visual Studio Version 16
VisualStudioVersion = 16.0.28803.202
MinimumVisualStudioVersion = 10.0.40219.1
Project("{FAE04EC0-301F-11D3-BF4B-00C04F79EFBC}") = "clone", "Drawings\Applications\clone\clone.csproj", "{B766A520-16B3-4311-8F7D-6C17D79BDE58}"
EndProject
Global
	GlobalSection(SolutionConfigurationPlatforms) = preSolution
		Debug|Any CPU = Debug|Any CPU
		Release|Any CPU = Release|Any CPU
	EndGlobalSection
	GlobalSection(ProjectConfigurationPlatforms) = postSolution
		{B766A520-16B3-4311-8F7D-6C17D79BDE58}.Debug|Any CPU.ActiveCfg = Debug|Any CPU
		{B766A520-16B3-4311-8F7D-6C17D79BDE58}.Debug|Any CPU.Build.0 = Debug|Any CPU
		{B766A520-16B3-4311-8F7D-6C17D79BDE58}.Release|Any CPU.ActiveCfg = Release|Any CPU
		{B766A520-16B3-4311-8F7D-6C17D79BDE58}.Release|Any CPU.Build.0 = Release|Any CPU
	EndGlobalSection
	GlobalSection(SolutionProperties) = preSolution
		HideSolutionNode = FALSE
	EndGlobalSection
	GlobalSection(ExtensibilityGlobals) = postSolution
		SolutionGuid = {6751268C-18B4-4F50-96C1-968C8D8D1BE3}
	EndGlobalSection
EndGlobal
